
Microsoft Visual Studio Solution File, Format Version 12.00
# Visual Studio Version 16
VisualStudioVersion = 16.0.31019.35
MinimumVisualStudioVersion = 10.0.40219.1
Project("{FAE04EC0-301F-11D3-BF4B-00C04F79EFBC}") = "Koton.Catalog.API", "Koton.Catalog.API\Koton.Catalog.API.csproj", "{10EB4858-0353-4316-8F1C-994F79B99046}"
EndProject
Project("{FAE04EC0-301F-11D3-BF4B-00C04F79EFBC}") = "Koton.Catalog.Common", "Koton.Catalog.Common\Koton.Catalog.Common.csproj", "{4CEE2331-F834-4506-9B69-2E63A27EF845}"
EndProject
Project("{FAE04EC0-301F-11D3-BF4B-00C04F79EFBC}") = "Koton.Catalog.Infrastructure", "Koton.Catalog.Infrastructure\Koton.Catalog.Infrastructure.csproj", "{9195D6B8-55AD-4F07-85C3-4EDA8DAB0E04}"
EndProject
Global
	GlobalSection(SolutionConfigurationPlatforms) = preSolution
		Debug|Any CPU = Debug|Any CPU
		Release|Any CPU = Release|Any CPU
	EndGlobalSection
	GlobalSection(ProjectConfigurationPlatforms) = postSolution
		{10EB4858-0353-4316-8F1C-994F79B99046}.Debug|Any CPU.ActiveCfg = Debug|Any CPU
		{10EB4858-0353-4316-8F1C-994F79B99046}.Debug|Any CPU.Build.0 = Debug|Any CPU
		{10EB4858-0353-4316-8F1C-994F79B99046}.Release|Any CPU.ActiveCfg = Release|Any CPU
		{10EB4858-0353-4316-8F1C-994F79B99046}.Release|Any CPU.Build.0 = Release|Any CPU
		{4CEE2331-F834-4506-9B69-2E63A27EF845}.Debug|Any CPU.ActiveCfg = Debug|Any CPU
		{4CEE2331-F834-4506-9B69-2E63A27EF845}.Debug|Any CPU.Build.0 = Debug|Any CPU
		{4CEE2331-F834-4506-9B69-2E63A27EF845}.Release|Any CPU.ActiveCfg = Release|Any CPU
		{4CEE2331-F834-4506-9B69-2E63A27EF845}.Release|Any CPU.Build.0 = Release|Any CPU
		{9195D6B8-55AD-4F07-85C3-4EDA8DAB0E04}.Debug|Any CPU.ActiveCfg = Debug|Any CPU
		{9195D6B8-55AD-4F07-85C3-4EDA8DAB0E04}.Debug|Any CPU.Build.0 = Debug|Any CPU
		{9195D6B8-55AD-4F07-85C3-4EDA8DAB0E04}.Release|Any CPU.ActiveCfg = Release|Any CPU
		{9195D6B8-55AD-4F07-85C3-4EDA8DAB0E04}.Release|Any CPU.Build.0 = Release|Any CPU
	EndGlobalSection
	GlobalSection(SolutionProperties) = preSolution
		HideSolutionNode = FALSE
	EndGlobalSection
	GlobalSection(ExtensibilityGlobals) = postSolution
		SolutionGuid = {D60108B0-93B2-470B-AACF-E555A172EA78}
	EndGlobalSection
EndGlobal
